github.com/biskuatcoklat/module-go-simple v1.0.0 h1:AnGbcIx6x/gE16ZovQjbnBVS5FXBQ7qCo/Lm4ZEt9xI=
github.com/biskuatcoklat/module-go-simple v1.0.0/go.mod h1:QbjP2Zfgc+htHvojwWYFpN19uKILc5wrblQZ8he/lo4=
github.com/biskuatcoklat/module-go-simple v1.5.0 h1:c+rYYwYk+ULOrhi5wgvd/YtAHaeZAlXzsoYposABjB0=
github.com/biskuatcoklat/module-go-simple v1.5.0/go.mod h1:QbjP2Zfgc+htHvojwWYFpN19uKILc5wrblQZ8he/lo4=
